{
  "name": "cd_eps",
  "version": "1.0.0",
  "lockfileVersion": 3,
  "requires": true,
  "packages": {
    "": {
      "name": "cd_eps",
      "version": "1.0.0",
      "license": "ISC",
      "dependencies": {
        "cd_consts": "github:RulezKT/cd_consts"
      }
    },
    "node_modules/cd_consts": {
      "version": "1.0.0",
      "resolved": "git+ssh://git@github.com/RulezKT/cd_consts.git#11005d9fde7caddb9dc72df04954091668ff354e"
    }
  }
}
